
Microsoft Visual Studio Solution File, Format Version 12.00
# Visual Studio 15
VisualStudioVersion = 15.0.28010.2048
MinimumVisualStudioVersion = 10.0.40219.1
Project("{FAE04EC0-301F-11D3-BF4B-00C04F79EFBC}") = "ConsoleApp1", "ConsoleApp1\ConsoleApp1.csproj", "{3874D983-8703-4B04-BC01-FA17A8BD4550}"
EndProject
Global
	GlobalSection(SolutionConfigurationPlatforms) = preSolution
		Debug|Any CPU = Debug|Any CPU
		Release|Any CPU = Release|Any CPU
	EndGlobalSection
	GlobalSection(ProjectConfigurationPlatforms) = postSolution
		{3874D983-8703-4B04-BC01-FA17A8BD4550}.Debug|Any CPU.ActiveCfg = Debug|Any CPU
		{3874D983-8703-4B04-BC01-FA17A8BD4550}.Debug|Any CPU.Build.0 = Debug|Any CPU
		{3874D983-8703-4B04-BC01-FA17A8BD4550}.Release|Any CPU.ActiveCfg = Release|Any CPU
		{3874D983-8703-4B04-BC01-FA17A8BD4550}.Release|Any CPU.Build.0 = Release|Any CPU
	EndGlobalSection
	GlobalSection(SolutionProperties) = preSolution
		HideSolutionNode = FALSE
	EndGlobalSection
	GlobalSection(ExtensibilityGlobals) = postSolution
		SolutionGuid = {7B2BBDC9-1071-4D42-9AAD-95A4947FE0C1}
	EndGlobalSection
EndGlobal
